
Microsoft Visual Studio Solution File, Format Version 12.00
# Visual Studio Version 17
VisualStudioVersion = 17.14.36414.22
MinimumVisualStudioVersion = 10.0.40219.1
Project("{FAE04EC0-301F-11D3-BF4B-00C04F79EFBC}") = "C#  lesson1", "C#  lesson1.csproj", "{F0D37F94-3FEC-46BB-8EA5-AF60715A6649}"
EndProject
Project("{FAE04EC0-301F-11D3-BF4B-00C04F79EFBC}") = "c# lesson_2", "..\c# lesson_2\c# lesson_2.csproj", "{8B734D80-24B9-4666-9E18-0D366545839D}"
EndProject
Project("{FAE04EC0-301F-11D3-BF4B-00C04F79EFBC}") = "c# lesson_3", "..\c# lesson_3\c# lesson_3.csproj", "{715E41A7-1CA0-47E4-AFE2-76245874DA1D}"
EndProject
Project("{FAE04EC0-301F-11D3-BF4B-00C04F79EFBC}") = "c# lesson4", "..\c# lesson4\c# lesson4.csproj", "{EE21E640-E53A-48AC-AD15-AF58DB4BB19A}"
EndProject
Project("{FAE04EC0-301F-11D3-BF4B-00C04F79EFBC}") = "c# lesson5", "..\c# lesson5\c# lesson5.csproj", "{5AA5E16C-9E50-4BD9-859E-8410927AA6C1}"
EndProject
Project("{FAE04EC0-301F-11D3-BF4B-00C04F79EFBC}") = "c# lesson6", "..\c# lesson6\c# lesson6.csproj", "{5DE50F74-4053-49A1-A994-6777B6297265}"
EndProject
Project("{FAE04EC0-301F-11D3-BF4B-00C04F79EFBC}") = "c# even and odd num count", "..\c# even and odd num count\c# even and odd num count.csproj", "{44DBAB79-087C-4E06-9CB9-AFA63B9D8F3E}"
EndProject
Project("{FAE04EC0-301F-11D3-BF4B-00C04F79EFBC}") = "c# Triangle", "..\c# Triangle\c# Triangle.csproj", "{3AF42E7B-07B7-4999-B101-CBAE8FF3DFC7}"
EndProject
Project("{2150E333-8FDC-42A3-9474-1A3956D46DE8}") = "Functions", "Functions", "{8EB12540-2C5D-4617-BE12-0F540862CBC9}"
EndProject
Project("{FAE04EC0-301F-11D3-BF4B-00C04F79EFBC}") = "c#_function_methods", "..\c#_function_methods\c#_function_methods.csproj", "{A4C3D19E-44CC-452E-8A3D-ED4CF8AD8C15}"
EndProject
Project("{FAE04EC0-301F-11D3-BF4B-00C04F79EFBC}") = "Resize massive c#", "..\Massive metods\Resize massive c#\Resize massive c#.csproj", "{2A898361-FA19-8829-2655-964E6F417267}"
EndProject
Project("{FAE04EC0-301F-11D3-BF4B-00C04F79EFBC}") = "Remove element in massive c#", "..\Massive metods\Remove element in massive c#\Remove element in massive c#.csproj", "{B16247A6-2DB2-BF0B-EEF6-9CDCB8BA3894}"
EndProject
Project("{FAE04EC0-301F-11D3-BF4B-00C04F79EFBC}") = "Add element in massive c#", "..\Massive metods\Add element in massive c#\Add element in massive c#.csproj", "{5124A553-FF0C-882B-2F2C-9ADA79EFEBE5}"
EndProject
Project("{2150E333-8FDC-42A3-9474-1A3956D46DE8}") = "Massive methods", "Massive methods", "{02EA681E-C7D8-13C7-8484-4AC65E1B71E8}"
EndProject
Project("{FAE04EC0-301F-11D3-BF4B-00C04F79EFBC}") = "c# massive_1", "..\c# massive\c# massive_1\c# massive_1.csproj", "{1946DD88-D007-F212-A5D1-0959DC0CE38A}"
EndProject
Project("{2150E333-8FDC-42A3-9474-1A3956D46DE8}") = "Massive", "Massive", "{DF2DCB59-633B-48DF-A964-B01FBFC77468}"
EndProject
Project("{FAE04EC0-301F-11D3-BF4B-00C04F79EFBC}") = "c# massive_2", "..\c# massive\c# massive_2\c# massive_2.csproj", "{7DF12EC0-AD15-C0A7-61BC-C21E3E277724}"
EndProject
Project("{FAE04EC0-301F-11D3-BF4B-00C04F79EFBC}") = "c# massivin indeksini tapma", "..\c# massive\c# massivin indeksini tapma\c# massivin indeksini tapma.csproj", "{775E0014-73D7-59D4-3D1B-CB75FDD0C5E0}"
EndProject
Project("{FAE04EC0-301F-11D3-BF4B-00C04F79EFBC}") = "c# Matris", "..\c# massive\c# Matris\c# Matris.csproj", "{212C5078-71FA-786E-C3B0-E7B74DA9BBC8}"
EndProject
Project("{FAE04EC0-301F-11D3-BF4B-00C04F79EFBC}") = "massive_1", "..\c# massive\massive_1\massive_1.csproj", "{AA5F61A2-03CD-C583-1FFB-11663B3DF4A3}"
EndProject
Project("{FAE04EC0-301F-11D3-BF4B-00C04F79EFBC}") = "Polindrom massiv", "..\c# massive\Polindrom massiv\Polindrom massiv.csproj", "{9E987162-ED17-7F13-3EF4-1694D4A4BEE5}"
EndProject
Project("{FAE04EC0-301F-11D3-BF4B-00C04F79EFBC}") = "String massivw", "..\c# massive\String massivw\String massivw.csproj", "{41EF5310-D995-6DF9-BA88-253AC7D54F58}"
EndProject
Global
	GlobalSection(SolutionConfigurationPlatforms) = preSolution
		Debug|Any CPU = Debug|Any CPU
		Release|Any CPU = Release|Any CPU
	EndGlobalSection
	GlobalSection(ProjectConfigurationPlatforms) = postSolution
		{F0D37F94-3FEC-46BB-8EA5-AF60715A6649}.Debug|Any CPU.ActiveCfg = Debug|Any CPU
		{F0D37F94-3FEC-46BB-8EA5-AF60715A6649}.Debug|Any CPU.Build.0 = Debug|Any CPU
		{F0D37F94-3FEC-46BB-8EA5-AF60715A6649}.Release|Any CPU.ActiveCfg = Release|Any CPU
		{F0D37F94-3FEC-46BB-8EA5-AF60715A6649}.Release|Any CPU.Build.0 = Release|Any CPU
		{8B734D80-24B9-4666-9E18-0D366545839D}.Debug|Any CPU.ActiveCfg = Debug|Any CPU
		{8B734D80-24B9-4666-9E18-0D366545839D}.Debug|Any CPU.Build.0 = Debug|Any CPU
		{8B734D80-24B9-4666-9E18-0D366545839D}.Release|Any CPU.ActiveCfg = Release|Any CPU
		{8B734D80-24B9-4666-9E18-0D366545839D}.Release|Any CPU.Build.0 = Release|Any CPU
		{715E41A7-1CA0-47E4-AFE2-76245874DA1D}.Debug|Any CPU.ActiveCfg = Debug|Any CPU
		{715E41A7-1CA0-47E4-AFE2-76245874DA1D}.Debug|Any CPU.Build.0 = Debug|Any CPU
		{715E41A7-1CA0-47E4-AFE2-76245874DA1D}.Release|Any CPU.ActiveCfg = Release|Any CPU
		{715E41A7-1CA0-47E4-AFE2-76245874DA1D}.Release|Any CPU.Build.0 = Release|Any CPU
		{EE21E640-E53A-48AC-AD15-AF58DB4BB19A}.Debug|Any CPU.ActiveCfg = Debug|Any CPU
		{EE21E640-E53A-48AC-AD15-AF58DB4BB19A}.Debug|Any CPU.Build.0 = Debug|Any CPU
		{EE21E640-E53A-48AC-AD15-AF58DB4BB19A}.Release|Any CPU.ActiveCfg = Release|Any CPU
		{EE21E640-E53A-48AC-AD15-AF58DB4BB19A}.Release|Any CPU.Build.0 = Release|Any CPU
		{5AA5E16C-9E50-4BD9-859E-8410927AA6C1}.Debug|Any CPU.ActiveCfg = Debug|Any CPU
		{5AA5E16C-9E50-4BD9-859E-8410927AA6C1}.Debug|Any CPU.Build.0 = Debug|Any CPU
		{5AA5E16C-9E50-4BD9-859E-8410927AA6C1}.Release|Any CPU.ActiveCfg = Release|Any CPU
		{5AA5E16C-9E50-4BD9-859E-8410927AA6C1}.Release|Any CPU.Build.0 = Release|Any CPU
		{5DE50F74-4053-49A1-A994-6777B6297265}.Debug|Any CPU.ActiveCfg = Debug|Any CPU
		{5DE50F74-4053-49A1-A994-6777B6297265}.Debug|Any CPU.Build.0 = Debug|Any CPU
		{5DE50F74-4053-49A1-A994-6777B6297265}.Release|Any CPU.ActiveCfg = Release|Any CPU
		{5DE50F74-4053-49A1-A994-6777B6297265}.Release|Any CPU.Build.0 = Release|Any CPU
		{44DBAB79-087C-4E06-9CB9-AFA63B9D8F3E}.Debug|Any CPU.ActiveCfg = Debug|Any CPU
		{44DBAB79-087C-4E06-9CB9-AFA63B9D8F3E}.Debug|Any CPU.Build.0 = Debug|Any CPU
		{44DBAB79-087C-4E06-9CB9-AFA63B9D8F3E}.Release|Any CPU.ActiveCfg = Release|Any CPU
		{44DBAB79-087C-4E06-9CB9-AFA63B9D8F3E}.Release|Any CPU.Build.0 = Release|Any CPU
		{3AF42E7B-07B7-4999-B101-CBAE8FF3DFC7}.Debug|Any CPU.ActiveCfg = Debug|Any CPU
		{3AF42E7B-07B7-4999-B101-CBAE8FF3DFC7}.Debug|Any CPU.Build.0 = Debug|Any CPU
		{3AF42E7B-07B7-4999-B101-CBAE8FF3DFC7}.Release|Any CPU.ActiveCfg = Release|Any CPU
		{3AF42E7B-07B7-4999-B101-CBAE8FF3DFC7}.Release|Any CPU.Build.0 = Release|Any CPU
		{A4C3D19E-44CC-452E-8A3D-ED4CF8AD8C15}.Debug|Any CPU.ActiveCfg = Debug|Any CPU
		{A4C3D19E-44CC-452E-8A3D-ED4CF8AD8C15}.Debug|Any CPU.Build.0 = Debug|Any CPU
		{A4C3D19E-44CC-452E-8A3D-ED4CF8AD8C15}.Release|Any CPU.ActiveCfg = Release|Any CPU
		{A4C3D19E-44CC-452E-8A3D-ED4CF8AD8C15}.Release|Any CPU.Build.0 = Release|Any CPU
		{2A898361-FA19-8829-2655-964E6F417267}.Debug|Any CPU.ActiveCfg = Debug|Any CPU
		{2A898361-FA19-8829-2655-964E6F417267}.Debug|Any CPU.Build.0 = Debug|Any CPU
		{2A898361-FA19-8829-2655-964E6F417267}.Release|Any CPU.ActiveCfg = Release|Any CPU
		{2A898361-FA19-8829-2655-964E6F417267}.Release|Any CPU.Build.0 = Release|Any CPU
		{B16247A6-2DB2-BF0B-EEF6-9CDCB8BA3894}.Debug|Any CPU.ActiveCfg = Debug|Any CPU
		{B16247A6-2DB2-BF0B-EEF6-9CDCB8BA3894}.Debug|Any CPU.Build.0 = Debug|Any CPU
		{B16247A6-2DB2-BF0B-EEF6-9CDCB8BA3894}.Release|Any CPU.ActiveCfg = Release|Any CPU
		{B16247A6-2DB2-BF0B-EEF6-9CDCB8BA3894}.Release|Any CPU.Build.0 = Release|Any CPU
		{5124A553-FF0C-882B-2F2C-9ADA79EFEBE5}.Debug|Any CPU.ActiveCfg = Debug|Any CPU
		{5124A553-FF0C-882B-2F2C-9ADA79EFEBE5}.Debug|Any CPU.Build.0 = Debug|Any CPU
		{5124A553-FF0C-882B-2F2C-9ADA79EFEBE5}.Release|Any CPU.ActiveCfg = Release|Any CPU
		{5124A553-FF0C-882B-2F2C-9ADA79EFEBE5}.Release|Any CPU.Build.0 = Release|Any CPU
		{1946DD88-D007-F212-A5D1-0959DC0CE38A}.Debug|Any CPU.ActiveCfg = Debug|Any CPU
		{1946DD88-D007-F212-A5D1-0959DC0CE38A}.Debug|Any CPU.Build.0 = Debug|Any CPU
		{1946DD88-D007-F212-A5D1-0959DC0CE38A}.Release|Any CPU.ActiveCfg = Release|Any CPU
		{1946DD88-D007-F212-A5D1-0959DC0CE38A}.Release|Any CPU.Build.0 = Release|Any CPU
		{7DF12EC0-AD15-C0A7-61BC-C21E3E277724}.Debug|Any CPU.ActiveCfg = Debug|Any CPU
		{7DF12EC0-AD15-C0A7-61BC-C21E3E277724}.Debug|Any CPU.Build.0 = Debug|Any CPU
		{7DF12EC0-AD15-C0A7-61BC-C21E3E277724}.Release|Any CPU.ActiveCfg = Release|Any CPU
		{7DF12EC0-AD15-C0A7-61BC-C21E3E277724}.Release|Any CPU.Build.0 = Release|Any CPU
		{775E0014-73D7-59D4-3D1B-CB75FDD0C5E0}.Debug|Any CPU.ActiveCfg = Debug|Any CPU
		{775E0014-73D7-59D4-3D1B-CB75FDD0C5E0}.Debug|Any CPU.Build.0 = Debug|Any CPU
		{775E0014-73D7-59D4-3D1B-CB75FDD0C5E0}.Release|Any CPU.ActiveCfg = Release|Any CPU
		{775E0014-73D7-59D4-3D1B-CB75FDD0C5E0}.Release|Any CPU.Build.0 = Release|Any CPU
		{212C5078-71FA-786E-C3B0-E7B74DA9BBC8}.Debug|Any CPU.ActiveCfg = Debug|Any CPU
		{212C5078-71FA-786E-C3B0-E7B74DA9BBC8}.Debug|Any CPU.Build.0 = Debug|Any CPU
		{212C5078-71FA-786E-C3B0-E7B74DA9BBC8}.Release|Any CPU.ActiveCfg = Release|Any CPU
		{212C5078-71FA-786E-C3B0-E7B74DA9BBC8}.Release|Any CPU.Build.0 = Release|Any CPU
		{AA5F61A2-03CD-C583-1FFB-11663B3DF4A3}.Debug|Any CPU.ActiveCfg = Debug|Any CPU
		{AA5F61A2-03CD-C583-1FFB-11663B3DF4A3}.Debug|Any CPU.Build.0 = Debug|Any CPU
		{AA5F61A2-03CD-C583-1FFB-11663B3DF4A3}.Release|Any CPU.ActiveCfg = Release|Any CPU
		{AA5F61A2-03CD-C583-1FFB-11663B3DF4A3}.Release|Any CPU.Build.0 = Release|Any CPU
		{9E987162-ED17-7F13-3EF4-1694D4A4BEE5}.Debug|Any CPU.ActiveCfg = Debug|Any CPU
		{9E987162-ED17-7F13-3EF4-1694D4A4BEE5}.Debug|Any CPU.Build.0 = Debug|Any CPU
		{9E987162-ED17-7F13-3EF4-1694D4A4BEE5}.Release|Any CPU.ActiveCfg = Release|Any CPU
		{9E987162-ED17-7F13-3EF4-1694D4A4BEE5}.Release|Any CPU.Build.0 = Release|Any CPU
		{41EF5310-D995-6DF9-BA88-253AC7D54F58}.Debug|Any CPU.ActiveCfg = Debug|Any CPU
		{41EF5310-D995-6DF9-BA88-253AC7D54F58}.Debug|Any CPU.Build.0 = Debug|Any CPU
		{41EF5310-D995-6DF9-BA88-253AC7D54F58}.Release|Any CPU.ActiveCfg = Release|Any CPU
		{41EF5310-D995-6DF9-BA88-253AC7D54F58}.Release|Any CPU.Build.0 = Release|Any CPU
	EndGlobalSection
	GlobalSection(SolutionProperties) = preSolution
		HideSolutionNode = FALSE
	EndGlobalSection
	GlobalSection(NestedProjects) = preSolution
		{A4C3D19E-44CC-452E-8A3D-ED4CF8AD8C15} = {8EB12540-2C5D-4617-BE12-0F540862CBC9}
		{2A898361-FA19-8829-2655-964E6F417267} = {02EA681E-C7D8-13C7-8484-4AC65E1B71E8}
		{B16247A6-2DB2-BF0B-EEF6-9CDCB8BA3894} = {02EA681E-C7D8-13C7-8484-4AC65E1B71E8}
		{5124A553-FF0C-882B-2F2C-9ADA79EFEBE5} = {02EA681E-C7D8-13C7-8484-4AC65E1B71E8}
		{1946DD88-D007-F212-A5D1-0959DC0CE38A} = {DF2DCB59-633B-48DF-A964-B01FBFC77468}
		{7DF12EC0-AD15-C0A7-61BC-C21E3E277724} = {DF2DCB59-633B-48DF-A964-B01FBFC77468}
		{775E0014-73D7-59D4-3D1B-CB75FDD0C5E0} = {DF2DCB59-633B-48DF-A964-B01FBFC77468}
		{212C5078-71FA-786E-C3B0-E7B74DA9BBC8} = {DF2DCB59-633B-48DF-A964-B01FBFC77468}
		{AA5F61A2-03CD-C583-1FFB-11663B3DF4A3} = {DF2DCB59-633B-48DF-A964-B01FBFC77468}
		{9E987162-ED17-7F13-3EF4-1694D4A4BEE5} = {DF2DCB59-633B-48DF-A964-B01FBFC77468}
		{41EF5310-D995-6DF9-BA88-253AC7D54F58} = {DF2DCB59-633B-48DF-A964-B01FBFC77468}
	EndGlobalSection
	GlobalSection(ExtensibilityGlobals) = postSolution
		SolutionGuid = {150F9376-CF1E-476F-98C0-5D7D93D1FC00}
	EndGlobalSection
EndGlobal
