
Microsoft Visual Studio Solution File, Format Version 12.00
# Visual Studio Version 17
VisualStudioVersion = 17.14.36414.22
MinimumVisualStudioVersion = 10.0.40219.1
Project("{2150E333-8FDC-42A3-9474-1A3956D46DE8}") = "Massive methods", "Massive methods", "{02EA681E-C7D8-13C7-8484-4AC65E1B71E8}"
EndProject
Project("{2150E333-8FDC-42A3-9474-1A3956D46DE8}") = "Massive", "Massive", "{DF2DCB59-633B-48DF-A964-B01FBFC77468}"
EndProject
Project("{FAE04EC0-301F-11D3-BF4B-00C04F79EFBC}") = "c# massive_1", "c# massive\c# massive_1\c# massive_1.csproj", "{CAC2A376-8E0C-4632-53E5-4D8163ECD4CD}"
EndProject
Project("{FAE04EC0-301F-11D3-BF4B-00C04F79EFBC}") = "c# massive_2", "c# massive\c# massive_2\c# massive_2.csproj", "{31287A18-A665-712E-CD3D-B8F546CE6C54}"
EndProject
Project("{FAE04EC0-301F-11D3-BF4B-00C04F79EFBC}") = "c# massivin indeksini tapma", "c# massive\c# massivin indeksini tapma\c# massivin indeksini tapma.csproj", "{1648AB32-5CBB-4E1E-05F9-C1DAD72E0D2E}"
EndProject
Project("{FAE04EC0-301F-11D3-BF4B-00C04F79EFBC}") = "c# Matris", "c# massive\c# Matris\c# Matris.csproj", "{5E4683E8-2324-0C2F-78DD-AB1C6596455A}"
EndProject
Project("{FAE04EC0-301F-11D3-BF4B-00C04F79EFBC}") = "massive_1", "c# massive\massive_1\massive_1.csproj", "{6AE045C2-3A76-4390-20EA-061FB7C6C363}"
EndProject
Project("{FAE04EC0-301F-11D3-BF4B-00C04F79EFBC}") = "Polindrom massiv", "c# massive\Polindrom massiv\Polindrom massiv.csproj", "{7C6A1588-0EF2-F071-D531-4B02AEB1F09D}"
EndProject
Project("{FAE04EC0-301F-11D3-BF4B-00C04F79EFBC}") = "String massivw", "c# massive\String massivw\String massivw.csproj", "{527AF106-6C63-2260-6007-47F1B7B45A2E}"
EndProject
Project("{FAE04EC0-301F-11D3-BF4B-00C04F79EFBC}") = "Add element in massive c#", "Massive metods\Add element in massive c#\Add element in massive c#.csproj", "{DBCCC2F8-8F9D-0FF2-B53D-B05DE7750E38}"
EndProject
Project("{FAE04EC0-301F-11D3-BF4B-00C04F79EFBC}") = "Remove element in massive c#", "Massive metods\Remove element in massive c#\Remove element in massive c#.csproj", "{780F4916-F956-187C-9BB8-044963DE0A50}"
EndProject
Project("{FAE04EC0-301F-11D3-BF4B-00C04F79EFBC}") = "Resize massive c#", "Massive metods\Resize massive c#\Resize massive c#.csproj", "{20C188E5-2D62-3CBA-13B8-45EE0CE7CD49}"
EndProject
Project("{FAE04EC0-301F-11D3-BF4B-00C04F79EFBC}") = "c#_function_methods", "c#_function_methods\c#_function_methods.csproj", "{E83F2D53-B8D6-5AD3-DCB9-47FD080C8D62}"
EndProject
Project("{FAE04EC0-301F-11D3-BF4B-00C04F79EFBC}") = "C#  lesson1", "C#  lesson1\C#  lesson1.csproj", "{A8822A09-19D1-9C2A-18C7-F3FB0AC39C96}"
EndProject
Project("{FAE04EC0-301F-11D3-BF4B-00C04F79EFBC}") = "c# even and odd num count", "c# even and odd num count\c# even and odd num count.csproj", "{C2D01D4E-6106-EC6B-9B0E-AF4BB7121630}"
EndProject
Project("{FAE04EC0-301F-11D3-BF4B-00C04F79EFBC}") = "c# lesson_2", "c# lesson_2\c# lesson_2.csproj", "{39AE391B-BEA3-FF35-6574-4DDCBA34313C}"
EndProject
Project("{FAE04EC0-301F-11D3-BF4B-00C04F79EFBC}") = "c# lesson_3", "c# lesson_3\c# lesson_3.csproj", "{CCBB2339-8BDB-9D6E-BA4D-CD9DE2C9B7AD}"
EndProject
Project("{FAE04EC0-301F-11D3-BF4B-00C04F79EFBC}") = "c# lesson4", "c# lesson4\c# lesson4.csproj", "{2C8F0B06-9E14-F312-B19F-E9B463F5DF91}"
EndProject
Project("{FAE04EC0-301F-11D3-BF4B-00C04F79EFBC}") = "c# lesson5", "c# lesson5\c# lesson5.csproj", "{5E126BDA-2DE1-1C80-64FC-FE90583822CF}"
EndProject
Project("{FAE04EC0-301F-11D3-BF4B-00C04F79EFBC}") = "c# lesson6", "c# lesson6\c# lesson6.csproj", "{97C49AAB-6E15-FA88-8F60-1072A557C9A6}"
EndProject
Project("{FAE04EC0-301F-11D3-BF4B-00C04F79EFBC}") = "c# Triangle", "c# Triangle\c# Triangle.csproj", "{C2B1F7F5-577D-843E-2886-E35E5A110004}"
EndProject
Project("{FAE04EC0-301F-11D3-BF4B-00C04F79EFBC}") = "Massive print", "Rekursiya c#\Massive print\Massive print.csproj", "{531003A5-FB9A-4C8D-967D-B67AA5FC3A70}"
EndProject
Project("{2150E333-8FDC-42A3-9474-1A3956D46DE8}") = "Massice Rekursiya", "Massice Rekursiya", "{DDEF0A91-159F-445D-AFD8-F2EA72DC455A}"
EndProject
Project("{FAE04EC0-301F-11D3-BF4B-00C04F79EFBC}") = "Massive sum", "Rekursiya c#\Massive sum\Massive sum.csproj", "{898023F4-820C-4572-A13C-B605A33127C3}"
EndProject
Project("{FAE04EC0-301F-11D3-BF4B-00C04F79EFBC}") = "Ededdeki reqemlerin cemi", "Rekursiya c#\Ededdeki reqemlerin cemi\Ededdeki reqemlerin cemi.csproj", "{FEF3EAE2-64CD-4CD9-A4E3-65F46F815FE6}"
EndProject
Project("{FAE04EC0-301F-11D3-BF4B-00C04F79EFBC}") = "Rafael_task", "C#  lesson1\Rafael_task\Rafael_task.csproj", "{E2C8B5EC-754E-40C7-9497-37F34B56556A}"
EndProject
Project("{FAE04EC0-301F-11D3-BF4B-00C04F79EFBC}") = "Faktorial", "Rekursiya c#\Faktorial\Faktorial.csproj", "{4B365E0F-392B-4B96-8A3A-CB4DC3012877}"
EndProject
Project("{FAE04EC0-301F-11D3-BF4B-00C04F79EFBC}") = "Fibonacci ededleri", "Rekursiya c#\Fibonacci ededleri\Fibonacci ededleri.csproj", "{CD888DB8-DCC0-4EB7-899F-C0D1FAC7F4F2}"
EndProject
Global
	GlobalSection(SolutionConfigurationPlatforms) = preSolution
		Debug|Any CPU = Debug|Any CPU
		Release|Any CPU = Release|Any CPU
	EndGlobalSection
	GlobalSection(ProjectConfigurationPlatforms) = postSolution
		{CAC2A376-8E0C-4632-53E5-4D8163ECD4CD}.Debug|Any CPU.ActiveCfg = Debug|Any CPU
		{CAC2A376-8E0C-4632-53E5-4D8163ECD4CD}.Debug|Any CPU.Build.0 = Debug|Any CPU
		{CAC2A376-8E0C-4632-53E5-4D8163ECD4CD}.Release|Any CPU.ActiveCfg = Release|Any CPU
		{CAC2A376-8E0C-4632-53E5-4D8163ECD4CD}.Release|Any CPU.Build.0 = Release|Any CPU
		{31287A18-A665-712E-CD3D-B8F546CE6C54}.Debug|Any CPU.ActiveCfg = Debug|Any CPU
		{31287A18-A665-712E-CD3D-B8F546CE6C54}.Debug|Any CPU.Build.0 = Debug|Any CPU
		{31287A18-A665-712E-CD3D-B8F546CE6C54}.Release|Any CPU.ActiveCfg = Release|Any CPU
		{31287A18-A665-712E-CD3D-B8F546CE6C54}.Release|Any CPU.Build.0 = Release|Any CPU
		{1648AB32-5CBB-4E1E-05F9-C1DAD72E0D2E}.Debug|Any CPU.ActiveCfg = Debug|Any CPU
		{1648AB32-5CBB-4E1E-05F9-C1DAD72E0D2E}.Debug|Any CPU.Build.0 = Debug|Any CPU
		{1648AB32-5CBB-4E1E-05F9-C1DAD72E0D2E}.Release|Any CPU.ActiveCfg = Release|Any CPU
		{1648AB32-5CBB-4E1E-05F9-C1DAD72E0D2E}.Release|Any CPU.Build.0 = Release|Any CPU
		{5E4683E8-2324-0C2F-78DD-AB1C6596455A}.Debug|Any CPU.ActiveCfg = Debug|Any CPU
		{5E4683E8-2324-0C2F-78DD-AB1C6596455A}.Debug|Any CPU.Build.0 = Debug|Any CPU
		{5E4683E8-2324-0C2F-78DD-AB1C6596455A}.Release|Any CPU.ActiveCfg = Release|Any CPU
		{5E4683E8-2324-0C2F-78DD-AB1C6596455A}.Release|Any CPU.Build.0 = Release|Any CPU
		{6AE045C2-3A76-4390-20EA-061FB7C6C363}.Debug|Any CPU.ActiveCfg = Debug|Any CPU
		{6AE045C2-3A76-4390-20EA-061FB7C6C363}.Debug|Any CPU.Build.0 = Debug|Any CPU
		{6AE045C2-3A76-4390-20EA-061FB7C6C363}.Release|Any CPU.ActiveCfg = Release|Any CPU
		{6AE045C2-3A76-4390-20EA-061FB7C6C363}.Release|Any CPU.Build.0 = Release|Any CPU
		{7C6A1588-0EF2-F071-D531-4B02AEB1F09D}.Debug|Any CPU.ActiveCfg = Debug|Any CPU
		{7C6A1588-0EF2-F071-D531-4B02AEB1F09D}.Debug|Any CPU.Build.0 = Debug|Any CPU
		{7C6A1588-0EF2-F071-D531-4B02AEB1F09D}.Release|Any CPU.ActiveCfg = Release|Any CPU
		{7C6A1588-0EF2-F071-D531-4B02AEB1F09D}.Release|Any CPU.Build.0 = Release|Any CPU
		{527AF106-6C63-2260-6007-47F1B7B45A2E}.Debug|Any CPU.ActiveCfg = Debug|Any CPU
		{527AF106-6C63-2260-6007-47F1B7B45A2E}.Debug|Any CPU.Build.0 = Debug|Any CPU
		{527AF106-6C63-2260-6007-47F1B7B45A2E}.Release|Any CPU.ActiveCfg = Release|Any CPU
		{527AF106-6C63-2260-6007-47F1B7B45A2E}.Release|Any CPU.Build.0 = Release|Any CPU
		{DBCCC2F8-8F9D-0FF2-B53D-B05DE7750E38}.Debug|Any CPU.ActiveCfg = Debug|Any CPU
		{DBCCC2F8-8F9D-0FF2-B53D-B05DE7750E38}.Debug|Any CPU.Build.0 = Debug|Any CPU
		{DBCCC2F8-8F9D-0FF2-B53D-B05DE7750E38}.Release|Any CPU.ActiveCfg = Release|Any CPU
		{DBCCC2F8-8F9D-0FF2-B53D-B05DE7750E38}.Release|Any CPU.Build.0 = Release|Any CPU
		{780F4916-F956-187C-9BB8-044963DE0A50}.Debug|Any CPU.ActiveCfg = Debug|Any CPU
		{780F4916-F956-187C-9BB8-044963DE0A50}.Debug|Any CPU.Build.0 = Debug|Any CPU
		{780F4916-F956-187C-9BB8-044963DE0A50}.Release|Any CPU.ActiveCfg = Release|Any CPU
		{780F4916-F956-187C-9BB8-044963DE0A50}.Release|Any CPU.Build.0 = Release|Any CPU
		{20C188E5-2D62-3CBA-13B8-45EE0CE7CD49}.Debug|Any CPU.ActiveCfg = Debug|Any CPU
		{20C188E5-2D62-3CBA-13B8-45EE0CE7CD49}.Debug|Any CPU.Build.0 = Debug|Any CPU
		{20C188E5-2D62-3CBA-13B8-45EE0CE7CD49}.Release|Any CPU.ActiveCfg = Release|Any CPU
		{20C188E5-2D62-3CBA-13B8-45EE0CE7CD49}.Release|Any CPU.Build.0 = Release|Any CPU
		{E83F2D53-B8D6-5AD3-DCB9-47FD080C8D62}.Debug|Any CPU.ActiveCfg = Debug|Any CPU
		{E83F2D53-B8D6-5AD3-DCB9-47FD080C8D62}.Debug|Any CPU.Build.0 = Debug|Any CPU
		{E83F2D53-B8D6-5AD3-DCB9-47FD080C8D62}.Release|Any CPU.ActiveCfg = Release|Any CPU
		{E83F2D53-B8D6-5AD3-DCB9-47FD080C8D62}.Release|Any CPU.Build.0 = Release|Any CPU
		{A8822A09-19D1-9C2A-18C7-F3FB0AC39C96}.Debug|Any CPU.ActiveCfg = Debug|Any CPU
		{A8822A09-19D1-9C2A-18C7-F3FB0AC39C96}.Debug|Any CPU.Build.0 = Debug|Any CPU
		{A8822A09-19D1-9C2A-18C7-F3FB0AC39C96}.Release|Any CPU.ActiveCfg = Release|Any CPU
		{A8822A09-19D1-9C2A-18C7-F3FB0AC39C96}.Release|Any CPU.Build.0 = Release|Any CPU
		{C2D01D4E-6106-EC6B-9B0E-AF4BB7121630}.Debug|Any CPU.ActiveCfg = Debug|Any CPU
		{C2D01D4E-6106-EC6B-9B0E-AF4BB7121630}.Debug|Any CPU.Build.0 = Debug|Any CPU
		{C2D01D4E-6106-EC6B-9B0E-AF4BB7121630}.Release|Any CPU.ActiveCfg = Release|Any CPU
		{C2D01D4E-6106-EC6B-9B0E-AF4BB7121630}.Release|Any CPU.Build.0 = Release|Any CPU
		{39AE391B-BEA3-FF35-6574-4DDCBA34313C}.Debug|Any CPU.ActiveCfg = Debug|Any CPU
		{39AE391B-BEA3-FF35-6574-4DDCBA34313C}.Debug|Any CPU.Build.0 = Debug|Any CPU
		{39AE391B-BEA3-FF35-6574-4DDCBA34313C}.Release|Any CPU.ActiveCfg = Release|Any CPU
		{39AE391B-BEA3-FF35-6574-4DDCBA34313C}.Release|Any CPU.Build.0 = Release|Any CPU
		{CCBB2339-8BDB-9D6E-BA4D-CD9DE2C9B7AD}.Debug|Any CPU.ActiveCfg = Debug|Any CPU
		{CCBB2339-8BDB-9D6E-BA4D-CD9DE2C9B7AD}.Debug|Any CPU.Build.0 = Debug|Any CPU
		{CCBB2339-8BDB-9D6E-BA4D-CD9DE2C9B7AD}.Release|Any CPU.ActiveCfg = Release|Any CPU
		{CCBB2339-8BDB-9D6E-BA4D-CD9DE2C9B7AD}.Release|Any CPU.Build.0 = Release|Any CPU
		{2C8F0B06-9E14-F312-B19F-E9B463F5DF91}.Debug|Any CPU.ActiveCfg = Debug|Any CPU
		{2C8F0B06-9E14-F312-B19F-E9B463F5DF91}.Debug|Any CPU.Build.0 = Debug|Any CPU
		{2C8F0B06-9E14-F312-B19F-E9B463F5DF91}.Release|Any CPU.ActiveCfg = Release|Any CPU
		{2C8F0B06-9E14-F312-B19F-E9B463F5DF91}.Release|Any CPU.Build.0 = Release|Any CPU
		{5E126BDA-2DE1-1C80-64FC-FE90583822CF}.Debug|Any CPU.ActiveCfg = Debug|Any CPU
		{5E126BDA-2DE1-1C80-64FC-FE90583822CF}.Debug|Any CPU.Build.0 = Debug|Any CPU
		{5E126BDA-2DE1-1C80-64FC-FE90583822CF}.Release|Any CPU.ActiveCfg = Release|Any CPU
		{5E126BDA-2DE1-1C80-64FC-FE90583822CF}.Release|Any CPU.Build.0 = Release|Any CPU
		{97C49AAB-6E15-FA88-8F60-1072A557C9A6}.Debug|Any CPU.ActiveCfg = Debug|Any CPU
		{97C49AAB-6E15-FA88-8F60-1072A557C9A6}.Debug|Any CPU.Build.0 = Debug|Any CPU
		{97C49AAB-6E15-FA88-8F60-1072A557C9A6}.Release|Any CPU.ActiveCfg = Release|Any CPU
		{97C49AAB-6E15-FA88-8F60-1072A557C9A6}.Release|Any CPU.Build.0 = Release|Any CPU
		{C2B1F7F5-577D-843E-2886-E35E5A110004}.Debug|Any CPU.ActiveCfg = Debug|Any CPU
		{C2B1F7F5-577D-843E-2886-E35E5A110004}.Debug|Any CPU.Build.0 = Debug|Any CPU
		{C2B1F7F5-577D-843E-2886-E35E5A110004}.Release|Any CPU.ActiveCfg = Release|Any CPU
		{C2B1F7F5-577D-843E-2886-E35E5A110004}.Release|Any CPU.Build.0 = Release|Any CPU
		{531003A5-FB9A-4C8D-967D-B67AA5FC3A70}.Debug|Any CPU.ActiveCfg = Debug|Any CPU
		{531003A5-FB9A-4C8D-967D-B67AA5FC3A70}.Debug|Any CPU.Build.0 = Debug|Any CPU
		{531003A5-FB9A-4C8D-967D-B67AA5FC3A70}.Release|Any CPU.ActiveCfg = Release|Any CPU
		{531003A5-FB9A-4C8D-967D-B67AA5FC3A70}.Release|Any CPU.Build.0 = Release|Any CPU
		{898023F4-820C-4572-A13C-B605A33127C3}.Debug|Any CPU.ActiveCfg = Debug|Any CPU
		{898023F4-820C-4572-A13C-B605A33127C3}.Debug|Any CPU.Build.0 = Debug|Any CPU
		{898023F4-820C-4572-A13C-B605A33127C3}.Release|Any CPU.ActiveCfg = Release|Any CPU
		{898023F4-820C-4572-A13C-B605A33127C3}.Release|Any CPU.Build.0 = Release|Any CPU
		{FEF3EAE2-64CD-4CD9-A4E3-65F46F815FE6}.Debug|Any CPU.ActiveCfg = Debug|Any CPU
		{FEF3EAE2-64CD-4CD9-A4E3-65F46F815FE6}.Debug|Any CPU.Build.0 = Debug|Any CPU
		{FEF3EAE2-64CD-4CD9-A4E3-65F46F815FE6}.Release|Any CPU.ActiveCfg = Release|Any CPU
		{FEF3EAE2-64CD-4CD9-A4E3-65F46F815FE6}.Release|Any CPU.Build.0 = Release|Any CPU
		{E2C8B5EC-754E-40C7-9497-37F34B56556A}.Debug|Any CPU.ActiveCfg = Debug|Any CPU
		{E2C8B5EC-754E-40C7-9497-37F34B56556A}.Debug|Any CPU.Build.0 = Debug|Any CPU
		{E2C8B5EC-754E-40C7-9497-37F34B56556A}.Release|Any CPU.ActiveCfg = Release|Any CPU
		{E2C8B5EC-754E-40C7-9497-37F34B56556A}.Release|Any CPU.Build.0 = Release|Any CPU
		{4B365E0F-392B-4B96-8A3A-CB4DC3012877}.Debug|Any CPU.ActiveCfg = Debug|Any CPU
		{4B365E0F-392B-4B96-8A3A-CB4DC3012877}.Debug|Any CPU.Build.0 = Debug|Any CPU
		{4B365E0F-392B-4B96-8A3A-CB4DC3012877}.Release|Any CPU.ActiveCfg = Release|Any CPU
		{4B365E0F-392B-4B96-8A3A-CB4DC3012877}.Release|Any CPU.Build.0 = Release|Any CPU
		{CD888DB8-DCC0-4EB7-899F-C0D1FAC7F4F2}.Debug|Any CPU.ActiveCfg = Debug|Any CPU
		{CD888DB8-DCC0-4EB7-899F-C0D1FAC7F4F2}.Debug|Any CPU.Build.0 = Debug|Any CPU
		{CD888DB8-DCC0-4EB7-899F-C0D1FAC7F4F2}.Release|Any CPU.ActiveCfg = Release|Any CPU
		{CD888DB8-DCC0-4EB7-899F-C0D1FAC7F4F2}.Release|Any CPU.Build.0 = Release|Any CPU
	EndGlobalSection
	GlobalSection(SolutionProperties) = preSolution
		HideSolutionNode = FALSE
	EndGlobalSection
	GlobalSection(NestedProjects) = preSolution
		{CAC2A376-8E0C-4632-53E5-4D8163ECD4CD} = {DF2DCB59-633B-48DF-A964-B01FBFC77468}
		{31287A18-A665-712E-CD3D-B8F546CE6C54} = {DF2DCB59-633B-48DF-A964-B01FBFC77468}
		{1648AB32-5CBB-4E1E-05F9-C1DAD72E0D2E} = {DF2DCB59-633B-48DF-A964-B01FBFC77468}
		{5E4683E8-2324-0C2F-78DD-AB1C6596455A} = {DF2DCB59-633B-48DF-A964-B01FBFC77468}
		{6AE045C2-3A76-4390-20EA-061FB7C6C363} = {DF2DCB59-633B-48DF-A964-B01FBFC77468}
		{7C6A1588-0EF2-F071-D531-4B02AEB1F09D} = {DF2DCB59-633B-48DF-A964-B01FBFC77468}
		{527AF106-6C63-2260-6007-47F1B7B45A2E} = {DF2DCB59-633B-48DF-A964-B01FBFC77468}
		{DBCCC2F8-8F9D-0FF2-B53D-B05DE7750E38} = {02EA681E-C7D8-13C7-8484-4AC65E1B71E8}
		{780F4916-F956-187C-9BB8-044963DE0A50} = {02EA681E-C7D8-13C7-8484-4AC65E1B71E8}
		{20C188E5-2D62-3CBA-13B8-45EE0CE7CD49} = {02EA681E-C7D8-13C7-8484-4AC65E1B71E8}
		{531003A5-FB9A-4C8D-967D-B67AA5FC3A70} = {DDEF0A91-159F-445D-AFD8-F2EA72DC455A}
		{898023F4-820C-4572-A13C-B605A33127C3} = {DDEF0A91-159F-445D-AFD8-F2EA72DC455A}
	EndGlobalSection
	GlobalSection(ExtensibilityGlobals) = postSolution
		SolutionGuid = {150F9376-CF1E-476F-98C0-5D7D93D1FC00}
	EndGlobalSection
EndGlobal
